Microsoft Visual Studio Solution File, Format Version 12.00
# Visual Studio Version 17
VisualStudioVersion = 17.5.2.0
MinimumVisualStudioVersion = 10.0.40219.1
Project("{FAE04EC0-301F-11D3-BF4B-00C04F79EFBC}") = "trip_coordinator_service", "trip_coordinator_service.csproj", "{3C3A2998-DA42-FFFF-863A-17A8C4C960D9}"
EndProject
Global
	GlobalSection(SolutionConfigurationPlatforms) = preSolution
		Debug|Any CPU = Debug|Any CPU
		Release|Any CPU = Release|Any CPU
	EndGlobalSection
	GlobalSection(ProjectConfigurationPlatforms) = postSolution
		{3C3A2998-DA42-FFFF-863A-17A8C4C960D9}.Debug|Any CPU.ActiveCfg = Debug|Any CPU
		{3C3A2998-DA42-FFFF-863A-17A8C4C960D9}.Debug|Any CPU.Build.0 = Debug|Any CPU
		{3C3A2998-DA42-FFFF-863A-17A8C4C960D9}.Release|Any CPU.ActiveCfg = Release|Any CPU
		{3C3A2998-DA42-FFFF-863A-17A8C4C960D9}.Release|Any CPU.Build.0 = Release|Any CPU
	EndGlobalSection
	GlobalSection(SolutionProperties) = preSolution
		HideSolutionNode = FALSE
	EndGlobalSection
	GlobalSection(ExtensibilityGlobals) = postSolution
		SolutionGuid = {5FB49335-34B5-427C-9081-A3C7E1CD00F0}
	EndGlobalSection
EndGlobal
